
Microsoft Visual Studio Solution File, Format Version 12.00
# Visual Studio 2013
VisualStudioVersion = 12.0.30324.0
MinimumVisualStudioVersion = 10.0.40219.1
Project("{FAE04EC0-301F-11D3-BF4B-00C04F79EFBC}") = "Simple.Owin.HttpsOnly", "Simple.Owin.HttpsOnly\Simple.Owin.HttpsOnly.csproj", "{DACBC153-75CF-40A3-B123-51D1CC239A8E}"
EndProject
Project("{FAE04EC0-301F-11D3-BF4B-00C04F79EFBC}") = "WebTest", "WebTest\WebTest.csproj", "{3482A1DC-E149-4A4D-B095-C9A7248C5FA6}"
EndProject
Project("{FAE04EC0-301F-11D3-BF4B-00C04F79EFBC}") = "Simple.Owin.HttpsOnly40", "Simple.Owin.HttpsOnly\Simple.Owin.HttpsOnly40.csproj", "{C6C4D21C-3683-4F67-997C-E220EA154B3D}"
EndProject
Global
	GlobalSection(SolutionConfigurationPlatforms) = preSolution
		Debug|Any CPU = Debug|Any CPU
		Release|Any CPU = Release|Any CPU
	EndGlobalSection
	GlobalSection(ProjectConfigurationPlatforms) = postSolution
		{DACBC153-75CF-40A3-B123-51D1CC239A8E}.Debug|Any CPU.ActiveCfg = Debug|Any CPU
		{DACBC153-75CF-40A3-B123-51D1CC239A8E}.Debug|Any CPU.Build.0 = Debug|Any CPU
		{DACBC153-75CF-40A3-B123-51D1CC239A8E}.Release|Any CPU.ActiveCfg = Release|Any CPU
		{DACBC153-75CF-40A3-B123-51D1CC239A8E}.Release|Any CPU.Build.0 = Release|Any CPU
		{3482A1DC-E149-4A4D-B095-C9A7248C5FA6}.Debug|Any CPU.ActiveCfg = Debug|Any CPU
		{3482A1DC-E149-4A4D-B095-C9A7248C5FA6}.Debug|Any CPU.Build.0 = Debug|Any CPU
		{3482A1DC-E149-4A4D-B095-C9A7248C5FA6}.Release|Any CPU.ActiveCfg = Release|Any CPU
		{3482A1DC-E149-4A4D-B095-C9A7248C5FA6}.Release|Any CPU.Build.0 = Release|Any CPU
		{C6C4D21C-3683-4F67-997C-E220EA154B3D}.Debug|Any CPU.ActiveCfg = Debug|Any CPU
		{C6C4D21C-3683-4F67-997C-E220EA154B3D}.Debug|Any CPU.Build.0 = Debug|Any CPU
		{C6C4D21C-3683-4F67-997C-E220EA154B3D}.Release|Any CPU.ActiveCfg = Release|Any CPU
		{C6C4D21C-3683-4F67-997C-E220EA154B3D}.Release|Any CPU.Build.0 = Release|Any CPU
	EndGlobalSection
	GlobalSection(SolutionProperties) = preSolution
		HideSolutionNode = FALSE
	EndGlobalSection
EndGlobal
